
Microsoft Visual Studio Solution File, Format Version 12.00
# Visual Studio Version 17
VisualStudioVersion = 17.5.33530.505
MinimumVisualStudioVersion = 10.0.40219.1
Project("{FAE04EC0-301F-11D3-BF4B-00C04F79EFBC}") = "MedSys_Interview", "MedSys_Interview\MedSys_Interview.csproj", "{9007CB5F-FF1B-4D0F-A0B8-765001C7892B}"
EndProject
Global
	GlobalSection(SolutionConfigurationPlatforms) = preSolution
		Debug|Any CPU = Debug|Any CPU
		Release|Any CPU = Release|Any CPU
	EndGlobalSection
	GlobalSection(ProjectConfigurationPlatforms) = postSolution
		{9007CB5F-FF1B-4D0F-A0B8-765001C7892B}.Debug|Any CPU.ActiveCfg = Debug|Any CPU
		{9007CB5F-FF1B-4D0F-A0B8-765001C7892B}.Debug|Any CPU.Build.0 = Debug|Any CPU
		{9007CB5F-FF1B-4D0F-A0B8-765001C7892B}.Release|Any CPU.ActiveCfg = Release|Any CPU
		{9007CB5F-FF1B-4D0F-A0B8-765001C7892B}.Release|Any CPU.Build.0 = Release|Any CPU
	EndGlobalSection
	GlobalSection(SolutionProperties) = preSolution
		HideSolutionNode = FALSE
	EndGlobalSection
	GlobalSection(ExtensibilityGlobals) = postSolution
		SolutionGuid = {1426E7D6-F9E9-4F6E-AD19-B3241BBCAFDB}
	EndGlobalSection
EndGlobal
